# THIS IS AN AUTOGENERATED FILE. DO NOT EDIT THIS FILE DIRECTLY.
# yarn lockfile v1


"@babel/runtime@7.15.4":
  version "7.15.4"
  resolved "https://registry.yarnpkg.com/@babel/runtime/-/runtime-7.15.4.tgz#fd17d16bfdf878e6dd02d19753a39fa8a8d9c84a"
  integrity sha512-99catp6bHCaxr4sJ/DbTGgHS4+Rs2RVd2g7iOap6SLGPDknRK9ztKNsE/Fg6QhSeh1FGE5f6gHGQmvvn3I3xhw==
  dependencies:
    regenerator-runtime "^0.13.4"

"@babel/runtime@^7.10.2":
  version "7.17.2"
  resolved "https://registry.yarnpkg.com/@babel/runtime/-/runtime-7.17.2.tgz#66f68591605e59da47523c631416b18508779941"
  integrity sha512-hzeyJyMA1YGdJTuWU0e/j4wKXrU4OMFvY2MSlaI9B7VQb0r5cxTE3EAIS2Q7Tn2RIcDkRvTA/v2JsAEhxe99uw==
  dependencies:
    regenerator-runtime "^0.13.4"

"@babel/runtime@^7.10.4", "@babel/runtime@^7.10.5":
  version "7.17.0"
  resolved "https://registry.yarnpkg.com/@babel/runtime/-/runtime-7.17.0.tgz#b8d142fc0f7664fb3d9b5833fd40dcbab89276c0"
  integrity sha512-etcO/ohMNaNA2UBdaXBBSX/3aEzFMRrVfaPv8Ptc0k+cWpWW0QFiGZ2XnVqQZI1Cf734LbPGmqBKWESfW4x/dQ==
  dependencies:
    regenerator-runtime "^0.13.4"

"@babel/runtime@^7.7.6":
  version "7.16.7"
  resolved "https://registry.yarnpkg.com/@babel/runtime/-/runtime-7.16.7.tgz#03ff99f64106588c9c403c6ecb8c3bafbbdff1fa"
  integrity sha512-9E9FJowqAsytyOY6LG+1KuueckRL+aQW+mKvXRXnuFGyRAyepJPmEo9vgMfXUA6O9u3IeEdv9MAkppFcaQwogQ==
  dependencies:
    regenerator-runtime "^0.13.4"

"@fluentui/react-component-event-listener@~0.51.6":
  version "0.51.7"
  resolved "https://registry.yarnpkg.com/@fluentui/react-component-event-listener/-/react-component-event-listener-0.51.7.tgz#158adb970d8bc982c91c57fd1322a0036042d86e"
  integrity sha512-NjVm+crN0T9A7vITL8alZeHnuV8zi2gos0nezU/2YOxaUAB9E4zKiPxt/6k5U50rJs/gj8Nu45iXxnjO41HbZg==
  dependencies:
    "@babel/runtime" "^7.10.4"

"@fluentui/react-component-ref@~0.51.6":
  version "0.51.7"
  resolved "https://registry.yarnpkg.com/@fluentui/react-component-ref/-/react-component-ref-0.51.7.tgz#bfb0312e926c213bed35e53ee5105a68732eea99"
  integrity sha512-CX27jVJYaFoBCWpuWAizQZ2se137ku1dmDyn8sw+ySNJa+kkQf7LnMydiPW5K7cRdUSqUJW3eS4EjKRvVAx8xA==
  dependencies:
    "@babel/runtime" "^7.10.4"
    react-is "^16.6.3"

"@popperjs/core@^2.6.0":
  version "2.11.2"
  resolved "https://registry.yarnpkg.com/@popperjs/core/-/core-2.11.2.tgz#830beaec4b4091a9e9398ac50f865ddea52186b9"
  integrity sha512-92FRmppjjqz29VMJ2dn+xdyXZBrMlE42AV6Kq6BwjWV7CNUW1hs2FtxSNLQE+gJhaZ6AAmYuO9y8dshhcBl7vA==

"@semantic-ui-react/event-stack@^3.1.2":
  version "3.1.2"
  resolved "https://registry.yarnpkg.com/@semantic-ui-react/event-stack/-/event-stack-3.1.2.tgz#14fac9796695aa3967962d94ea9733a85325f9c4"
  integrity sha512-Yd0Qf7lPCIjzJ9bZYfurlNu2RDXT6KKSyubHfYK3WjRauhxCsq6Fk2LMRI9DEvShoEU+AsLSv3NGkqXAcVp0zg==
  dependencies:
    exenv "^1.2.2"
    prop-types "^15.6.2"

"@stitches/react@^1.2.6":
  version "1.2.6"
  resolved "https://registry.yarnpkg.com/@stitches/react/-/react-1.2.6.tgz#61f2a3d1110334ecd33bcb7463650127d42470cb"
  integrity sha512-gRVITYj8W4jJmoiVxWDv72yCvd12VvtUUAnTzs07EqmtvGCVgKZu3Dx0x5KVCcb0b6tfgvvNH2L84YrzdM4Mag==

"@types/phoenix@^1.5.4":
  version "1.5.4"
  resolved "https://registry.yarnpkg.com/@types/phoenix/-/phoenix-1.5.4.tgz#c08a1da6d7b4e365f6a1fe1ff9aada55f5356d24"
  integrity sha512-L5eZmzw89eXBKkiqVBcJfU1QGx9y+wurRIEgt0cuLH0hwNtVUxtx+6cu0R2STwWj468sjXyBYPYDtGclUd1kjQ==

"@types/prop-types@*":
  version "15.7.4"
  resolved "https://registry.yarnpkg.com/@types/prop-types/-/prop-types-15.7.4.tgz#fcf7205c25dff795ee79af1e30da2c9790808f11"
  integrity sha512-rZ5drC/jWjrArrS8BR6SIr4cWpW09RNTYt9AMZo3Jwwif+iacXAqgVjm0B0Bv/S1jhDXKHqRVNCbACkJ89RAnQ==

"@types/react-dom@^17.0.11":
  version "17.0.11"
  resolved "https://registry.yarnpkg.com/@types/react-dom/-/react-dom-17.0.11.tgz#e1eadc3c5e86bdb5f7684e00274ae228e7bcc466"
  integrity sha512-f96K3k+24RaLGVu/Y2Ng3e1EbZ8/cVJvypZWd7cy0ofCBaf2lcM46xNhycMZ2xGwbBjRql7hOlZ+e2WlJ5MH3Q==
  dependencies:
    "@types/react" "*"

"@types/react@*", "@types/react@^17.0.38":
  version "17.0.38"
  resolved "https://registry.yarnpkg.com/@types/react/-/react-17.0.38.tgz#f24249fefd89357d5fa71f739a686b8d7c7202bd"
  integrity sha512-SI92X1IA+FMnP3qM5m4QReluXzhcmovhZnLNm3pyeQlooi02qI7sLiepEYqT678uNiyc25XfCqxREFpy3W7YhQ==
  dependencies:
    "@types/prop-types" "*"
    "@types/scheduler" "*"
    csstype "^3.0.2"

"@types/scheduler@*":
  version "0.16.2"
  resolved "https://registry.yarnpkg.com/@types/scheduler/-/scheduler-0.16.2.tgz#1a62f89525723dde24ba1b01b092bf5df8ad4d39"
  integrity sha512-hppQEBDmlwhFAXKJX2KnWLYu5yMfi91yazPb2l+lbJiwW+wdo1gNeRA+3RgNSO39WYX2euey41KEwnqesU2Jew==

axios-hooks@^3.0.0:
  version "3.0.0"
  resolved "https://registry.yarnpkg.com/axios-hooks/-/axios-hooks-3.0.0.tgz#06b8cb3c5d9877f4663245609b88905c9cfc1afe"
  integrity sha512-+vCb44118KE+3QCAMH+3AF2HioXKmYB2nXNTmaO00E8HHfcXZAy3HTuGai4LeJ6gEMtgOr8V8pnm2SEiXeGICw==
  dependencies:
    "@babel/runtime" "7.15.4"
    dequal "2.0.2"
    lru-cache "6.0.0"

axios@^0.24:
  version "0.24.0"
  resolved "https://registry.yarnpkg.com/axios/-/axios-0.24.0.tgz#804e6fa1e4b9c5288501dd9dff56a7a0940d20d6"
  integrity sha512-Q6cWsys88HoPgAaFAVUb0WpPk0O8iTeisR9IMqy9G8AbO4NlpVknrnQS03zzF9PGAWgO3cgletO3VjV/P7VztA==
  dependencies:
    follow-redirects "^1.14.4"

clsx@^1.1.1:
  version "1.1.1"
  resolved "https://registry.yarnpkg.com/clsx/-/clsx-1.1.1.tgz#98b3134f9abbdf23b2663491ace13c5c03a73188"
  integrity sha512-6/bPho624p3S2pMyvP5kKBPXnI3ufHLObBFCfgx+LkeR5lg2XYy2hqZqUf45ypD8COn2bhgGJSUE+l5dhNBieA==

csstype@^3.0.2:
  version "3.0.10"
  resolved "https://registry.yarnpkg.com/csstype/-/csstype-3.0.10.tgz#2ad3a7bed70f35b965707c092e5f30b327c290e5"
  integrity sha512-2u44ZG2OcNUO9HDp/Jl8C07x6pU/eTR3ncV91SiK3dhG9TWvRVsCoJw14Ckx5DgWkzGA3waZWO3d7pgqpUI/XA==

dequal@2.0.2:
  version "2.0.2"
  resolved "https://registry.yarnpkg.com/dequal/-/dequal-2.0.2.tgz#85ca22025e3a87e65ef75a7a437b35284a7e319d"
  integrity sha512-q9K8BlJVxK7hQYqa6XISGmBZbtQQWVXSrRrWreHC94rMt1QL/Impruc+7p2CYSYuVIUr+YCt6hjrs1kkdJRTug==

exenv@^1.2.2:
  version "1.2.2"
  resolved "https://registry.yarnpkg.com/exenv/-/exenv-1.2.2.tgz#2ae78e85d9894158670b03d47bec1f03bd91bb9d"
  integrity sha1-KueOhdmJQVhnCwPUe+wfA72Ru50=

follow-redirects@^1.14.4:
  version "1.14.8"
  resolved "https://registry.yarnpkg.com/follow-redirects/-/follow-redirects-1.14.8.tgz#016996fb9a11a100566398b1c6839337d7bfa8fc"
  integrity sha512-1x0S9UVJHsQprFcEC/qnNzBLcIxsjAV905f/UkQxbclCsoTWlacCNOpQa/anodLl2uaEKFhfWOvM2Qg77+15zA==

fomantic-ui-sass@^2.7.80008:
  version "2.7.80008"
  resolved "https://registry.yarnpkg.com/fomantic-ui-sass/-/fomantic-ui-sass-2.7.80008.tgz#954b97a606c766d957488f7b50a79bdfa1278b11"
  integrity sha512-6dTEADNOKjXGGR6JdGe4ywBzKrAv6jHGmJR6K/XBlEWus65qof/erZ+6dSrQVeziijbgymxYOT9bRhdJjyMtVw==

history@^5.2.0:
  version "5.2.0"
  resolved "https://registry.yarnpkg.com/history/-/history-5.2.0.tgz#7cdd31cf9bac3c5d31f09c231c9928fad0007b7c"
  integrity sha512-uPSF6lAJb3nSePJ43hN3eKj1dTWpN9gMod0ZssbFTIsen+WehTmEadgL+kg78xLJFdRfrrC//SavDzmRVdE+Ig==
  dependencies:
    "@babel/runtime" "^7.7.6"

"js-tokens@^3.0.0 || ^4.0.0":
  version "4.0.0"
  resolved "https://registry.yarnpkg.com/js-tokens/-/js-tokens-4.0.0.tgz#19203fb59991df98e3a287050d4647cdeaf32499"
  integrity sha512-RdJUflcE3cUzKiMqQgsCu06FPu9UdIJO0beYbPhHN4k6apgJtifcoCtT9bcxOpYBtpD2kCM6Sbzg4CausW/PKQ==

keyboard-key@^1.1.0:
  version "1.1.0"
  resolved "https://registry.yarnpkg.com/keyboard-key/-/keyboard-key-1.1.0.tgz#6f2e8e37fa11475bb1f1d65d5174f1b35653f5b7"
  integrity sha512-qkBzPTi3rlAKvX7k0/ub44sqOfXeLc/jcnGGmj5c7BJpU8eDrEVPyhCvNYAaoubbsLm9uGWwQJO1ytQK1a9/dQ==

lodash-es@^4.17.21:
  version "4.17.21"
  resolved "https://registry.yarnpkg.com/lodash-es/-/lodash-es-4.17.21.tgz#43e626c46e6591b7750beb2b50117390c609e3ee"
  integrity sha512-mKnC+QJ9pWVzv+C4/U3rRsHapFfHvQFoFB92e52xeyGMcX6/OlIl78je1u8vePzYZSkkogMPJ2yjxxsb89cxyw==

lodash@^4.17.21:
  version "4.17.21"
  resolved "https://registry.yarnpkg.com/lodash/-/lodash-4.17.21.tgz#679591c564c3bffaae8454cf0b3df370c3d6911c"
  integrity sha512-v2kDEe57lecTulaDIuNTPy3Ry4gLGJ6Z1O3vE1krgXZNrsQ+LFTGHVxVjcXPs17LhbZVGedAJv8XZ1tvj5FvSg==

loose-envify@^1.0.0, loose-envify@^1.1.0, loose-envify@^1.4.0:
  version "1.4.0"
  resolved "https://registry.yarnpkg.com/loose-envify/-/loose-envify-1.4.0.tgz#71ee51fa7be4caec1a63839f7e682d8132d30caf"
  integrity sha512-lyuxPGr/Wfhrlem2CL/UcnUc1zcqKAImBDzukY7Y5F/yQiNdko6+fRLevlw1HgMySw7f611UIY408EtxRSoK3Q==
  dependencies:
    js-tokens "^3.0.0 || ^4.0.0"

lru-cache@6.0.0:
  version "6.0.0"
  resolved "https://registry.yarnpkg.com/lru-cache/-/lru-cache-6.0.0.tgz#6d6fe6570ebd96aaf90fcad1dafa3b2566db3a94"
  integrity sha512-Jo6dJ04CmSjuznwJSS3pUeWmd/H0ffTlkXXgwZi+eq1UCmqQwCh+eLsYOYCwY991i2Fah4h1BEMCx4qThGbsiA==
  dependencies:
    yallist "^4.0.0"

object-assign@^4.1.1:
  version "4.1.1"
  resolved "https://registry.yarnpkg.com/object-assign/-/object-assign-4.1.1.tgz#2109adc7965887cfc05cbbd442cac8bfbb360863"
  integrity sha1-IQmtx5ZYh8/AXLvUQsrIv7s2CGM=

phoenix@^1.6.6:
  version "1.6.6"
  resolved "https://registry.yarnpkg.com/phoenix/-/phoenix-1.6.6.tgz#16b578e36361d238707a66bf235e3f59ff3fb298"
  integrity sha512-KLNHVlrZH8UAoEzeCS1XBI9z5juWz0gZ/+No7j5p/byVINnd+del9H5vtBMzQgZa3ZcUjVVZcQR8bKdnH/FmMg==

prop-types@^15.6.2, prop-types@^15.7.2:
  version "15.8.1"
  resolved "https://registry.yarnpkg.com/prop-types/-/prop-types-15.8.1.tgz#67d87bf1a694f48435cf332c24af10214a3140b5"
  integrity sha512-oj87CgZICdulUohogVAR7AjlC0327U4el4L6eAvOqCeudMDVU0NThNaV+b9Df4dXgSP1gXMTnPdhfe/2qDH5cg==
  dependencies:
    loose-envify "^1.4.0"
    object-assign "^4.1.1"
    react-is "^16.13.1"

react-dom@^17.0.2:
  version "17.0.2"
  resolved "https://registry.yarnpkg.com/react-dom/-/react-dom-17.0.2.tgz#ecffb6845e3ad8dbfcdc498f0d0a939736502c23"
  integrity sha512-s4h96KtLDUQlsENhMn1ar8t2bEa+q/YAtj8pPPdIjPDGBDIVNsrD9aXNWqspUe6AzKCIG0C1HZZLqLV7qpOBGA==
  dependencies:
    loose-envify "^1.1.0"
    object-assign "^4.1.1"
    scheduler "^0.20.2"

react-fast-compare@^3.0.1:
  version "3.2.0"
  resolved "https://registry.yarnpkg.com/react-fast-compare/-/react-fast-compare-3.2.0.tgz#641a9da81b6a6320f270e89724fb45a0b39e43bb"
  integrity sha512-rtGImPZ0YyLrscKI9xTpV8psd6I8VAtjKCzQDlzyDvqJA8XOW78TXYQwNRNd8g8JZnDu8q9Fu/1v4HPAVwVdHA==

react-identicons@^1.2.5:
  version "1.2.5"
  resolved "https://registry.yarnpkg.com/react-identicons/-/react-identicons-1.2.5.tgz#3502249e49d88f4e3500092694410a984bb102fa"
  integrity sha512-x7prkDoc2pD7wSl2C1pGxS+XAoSdq1ABWJWTBUimVTDVJArKOLd0B4wRUJpDm4r+9y7pgf8ylyPGsmlWSV5n2g==

react-is@^16.13.1, react-is@^16.6.3:
  version "16.13.1"
  resolved "https://registry.yarnpkg.com/react-is/-/react-is-16.13.1.tgz#789729a4dc36de2999dc156dd6c1d9c18cea56a4"
  integrity sha512-24e6ynE2H+OKt4kqsOvNd8kBpV65zoxbA4BVsEOB3ARVWQki/DHzaUoC5KuON/BiccDaCCTZBuOcfZs70kR8bQ==

"react-is@^16.8.6 || ^17.0.0":
  version "17.0.2"
  resolved "https://registry.yarnpkg.com/react-is/-/react-is-17.0.2.tgz#e691d4a8e9c789365655539ab372762b0efb54f0"
  integrity sha512-w2GsyukL62IJnlaff/nRegPQR94C/XXamvMWmSHRJ4y7Ts/4ocGRmTHvOs8PSE6pB3dWOrD/nueuU5sduBsQ4w==

react-popper@^2.2.4:
  version "2.2.5"
  resolved "https://registry.yarnpkg.com/react-popper/-/react-popper-2.2.5.tgz#1214ef3cec86330a171671a4fbcbeeb65ee58e96"
  integrity sha512-kxGkS80eQGtLl18+uig1UIf9MKixFSyPxglsgLBxlYnyDf65BiY9B3nZSc6C9XUNDgStROB0fMQlTEz1KxGddw==
  dependencies:
    react-fast-compare "^3.0.1"
    warning "^4.0.2"

react-router-dom@6:
  version "6.2.1"
  resolved "https://registry.yarnpkg.com/react-router-dom/-/react-router-dom-6.2.1.tgz#32ec81829152fbb8a7b045bf593a22eadf019bec"
  integrity sha512-I6Zax+/TH/cZMDpj3/4Fl2eaNdcvoxxHoH1tYOREsQ22OKDYofGebrNm6CTPUcvLvZm63NL/vzCYdjf9CUhqmA==
  dependencies:
    history "^5.2.0"
    react-router "6.2.1"

react-router@6.2.1:
  version "6.2.1"
  resolved "https://registry.yarnpkg.com/react-router/-/react-router-6.2.1.tgz#be2a97a6006ce1d9123c28934e604faef51448a3"
  integrity sha512-2fG0udBtxou9lXtK97eJeET2ki5//UWfQSl1rlJ7quwe6jrktK9FCCc8dQb5QY6jAv3jua8bBQRhhDOM/kVRsg==
  dependencies:
    history "^5.2.0"

react-textarea-autosize@^8.3.3:
  version "8.3.3"
  resolved "https://registry.yarnpkg.com/react-textarea-autosize/-/react-textarea-autosize-8.3.3.tgz#f70913945369da453fd554c168f6baacd1fa04d8"
  integrity sha512-2XlHXK2TDxS6vbQaoPbMOfQ8GK7+irc2fVK6QFIcC8GOnH3zI/v481n+j1L0WaPVvKxwesnY93fEfH++sus2rQ==
  dependencies:
    "@babel/runtime" "^7.10.2"
    use-composed-ref "^1.0.0"
    use-latest "^1.0.0"

react@^17.0.2:
  version "17.0.2"
  resolved "https://registry.yarnpkg.com/react/-/react-17.0.2.tgz#d0b5cc516d29eb3eee383f75b62864cfb6800037"
  integrity sha512-gnhPt75i/dq/z3/6q/0asP78D0u592D5L1pd7M8P+dck6Fu/jJeL6iVVK23fptSUZj8Vjf++7wXA8UNclGQcbA==
  dependencies:
    loose-envify "^1.1.0"
    object-assign "^4.1.1"

regenerator-runtime@^0.13.4:
  version "0.13.9"
  resolved "https://registry.yarnpkg.com/regenerator-runtime/-/regenerator-runtime-0.13.9.tgz#8925742a98ffd90814988d7566ad30ca3b263b52"
  integrity sha512-p3VT+cOEgxFsRRA9X4lkI1E+k2/CtnKtU4gcxyaCUreilL/vqI6CdZ3wxVUx3UOUg+gnUOQQcRI7BmSI656MYA==

scheduler@^0.20.2:
  version "0.20.2"
  resolved "https://registry.yarnpkg.com/scheduler/-/scheduler-0.20.2.tgz#4baee39436e34aa93b4874bddcbf0fe8b8b50e91"
  integrity sha512-2eWfGgAqqWFGqtdMmcL5zCMK1U8KlXv8SQFGglL3CEtd0aDVDWgeF/YoCmvln55m5zSk3J/20hTaSBeSObsQDQ==
  dependencies:
    loose-envify "^1.1.0"
    object-assign "^4.1.1"

semantic-ui-react@^2.1.1:
  version "2.1.1"
  resolved "https://registry.yarnpkg.com/semantic-ui-react/-/semantic-ui-react-2.1.1.tgz#88864ff3286ba03fc6e7e94096493b2405699413"
  integrity sha512-rgOHMTjJdOPv/2wGLA+Hr75nyEeQqW0Ag84J3Ha7xISBH5QnaQ6G1sT//e/mssYEZrpDy1ozjT8l/UgovTYSNA==
  dependencies:
    "@babel/runtime" "^7.10.5"
    "@fluentui/react-component-event-listener" "~0.51.6"
    "@fluentui/react-component-ref" "~0.51.6"
    "@popperjs/core" "^2.6.0"
    "@semantic-ui-react/event-stack" "^3.1.2"
    clsx "^1.1.1"
    keyboard-key "^1.1.0"
    lodash "^4.17.21"
    lodash-es "^4.17.21"
    prop-types "^15.7.2"
    react-is "^16.8.6 || ^17.0.0"
    react-popper "^2.2.4"
    shallowequal "^1.1.0"

shallowequal@^1.1.0:
  version "1.1.0"
  resolved "https://registry.yarnpkg.com/shallowequal/-/shallowequal-1.1.0.tgz#188d521de95b9087404fd4dcb68b13df0ae4e7f8"
  integrity sha512-y0m1JoUZSlPAjXVtPPW70aZWfIL/dSP7AFkRnniLCrK/8MDKog3TySTBmckD+RObVxH0v4Tox67+F14PdED2oQ==

use-composed-ref@^1.0.0:
  version "1.2.1"
  resolved "https://registry.yarnpkg.com/use-composed-ref/-/use-composed-ref-1.2.1.tgz#9bdcb5ccd894289105da2325e1210079f56bf849"
  integrity sha512-6+X1FLlIcjvFMAeAD/hcxDT8tmyrWnbSPMU0EnxQuDLIxokuFzWliXBiYZuGIx+mrAMLBw0WFfCkaPw8ebzAhw==

use-isomorphic-layout-effect@^1.0.0:
  version "1.1.1"
  resolved "https://registry.yarnpkg.com/use-isomorphic-layout-effect/-/use-isomorphic-layout-effect-1.1.1.tgz#7bb6589170cd2987a152042f9084f9effb75c225"
  integrity sha512-L7Evj8FGcwo/wpbv/qvSfrkHFtOpCzvM5yl2KVyDJoylVuSvzphiiasmjgQPttIGBAy2WKiBNR98q8w7PiNgKQ==

use-latest@^1.0.0:
  version "1.2.0"
  resolved "https://registry.yarnpkg.com/use-latest/-/use-latest-1.2.0.tgz#a44f6572b8288e0972ec411bdd0840ada366f232"
  integrity sha512-d2TEuG6nSLKQLAfW3By8mKr8HurOlTkul0sOpxbClIv4SQ4iOd7BYr7VIzdbktUCnv7dua/60xzd8igMU6jmyw==
  dependencies:
    use-isomorphic-layout-effect "^1.0.0"

warning@^4.0.2:
  version "4.0.3"
  resolved "https://registry.yarnpkg.com/warning/-/warning-4.0.3.tgz#16e9e077eb8a86d6af7d64aa1e05fd85b4678ca3"
  integrity sha512-rpJyN222KWIvHJ/F53XSZv0Zl/accqHR8et1kpaMTD/fLCRxtV8iX8czMzY7sVZupTI3zcUTg8eycS2kNF9l6w==
  dependencies:
    loose-envify "^1.0.0"

yallist@^4.0.0:
  version "4.0.0"
  resolved "https://registry.yarnpkg.com/yallist/-/yallist-4.0.0.tgz#9bb92790d9c0effec63be73519e11a35019a3a72"
  integrity sha512-3wdGidZyq5PB084XLES5TpOSRA3wjXAlIWMhum2kRcv/41Sn2emQ0dycQW4uZXLejwKvg6EsvbdlVL+FYEct7A==
